# This file is automatically @generated by Cargo.
# It is not intended for manual editing.
version = 3

[[package]]
name = "level2"
version = "0.1.0"

[[package]]
name = "level3"
version = "0.1.0"

[[package]]
name = "level4"
version = "0.1.0"

[[package]]
name = "level5"
version = "0.1.0"

[[package]]
name = "magic_monkey"
version = "0.1.0"
